// !$*UTF8*$!
{
	archiveVersion = 1;
	classes = {
	};
	objectVersion = 55;
	objects = {

/* Begin PBXBuildFile section */
		8BC93016282C27E700D66A1D /* AppDelegate.swift in Sources */ = {isa = PBXBuildFile; fileRef = 8BC93015282C27E700D66A1D /* AppDelegate.swift */; };
		8BC93018282C27E700D66A1D /* SceneDelegate.swift in Sources */ = {isa = PBXBuildFile; fileRef = 8BC93017282C27E700D66A1D /* SceneDelegate.swift */; };
		8BC9301A282C27E700D66A1D /* ViewController.swift in Sources */ = {isa = PBXBuildFile; fileRef = 8BC93019282C27E700D66A1D /* ViewController.swift */; };
		8BC9301D282C27E700D66A1D /* Main.storyboard in Resources */ = {isa = PBXBuildFile; fileRef = 8BC9301B282C27E700D66A1D /* Main.storyboard */; };
		8BC9301F282C27E800D66A1D /* Assets.xcassets in Resources */ = {isa = PBXBuildFile; fileRef = 8BC9301E282C27E800D66A1D /* Assets.xcassets */; };
		8BC93022282C27E800D66A1D /* LaunchScreen.storyboard in Resources */ = {isa = PBXBuildFile; fileRef = 8BC93020282C27E800D66A1D /* LaunchScreen.storyboard */; };
		8BC93031282C294400D66A1D /* NetworkService.swift in Sources */ = {isa = PBXBuildFile; fileRef = 8BC93030282C294400D66A1D /* NetworkService.swift */; };
		8BC93033282C2DC500D66A1D /* ProductModel.swift in Sources */ = {isa = PBXBuildFile; fileRef = 8BC93032282C2DC500D66A1D /* ProductModel.swift */; };
		8BC9303A282C3F0500D66A1D /* ProductTableViewCell.swift in Sources */ = {isa = PBXBuildFile; fileRef = 8BC93038282C3F0500D66A1D /* ProductTableViewCell.swift */; };
		8BC9303B282C3F0500D66A1D /* ProductTableViewCell.xib in Resources */ = {isa = PBXBuildFile; fileRef = 8BC93039282C3F0500D66A1D /* ProductTableViewCell.xib */; };
		8BC9303D282C435600D66A1D /* ProductCellViewModel.swift in Sources */ = {isa = PBXBuildFile; fileRef = 8BC9303C282C435500D66A1D /* ProductCellViewModel.swift */; };
		8BC9303F282C47CF00D66A1D /* ProductViewModel.swift in Sources */ = {isa = PBXBuildFile; fileRef = 8BC9303E282C47CF00D66A1D /* ProductViewModel.swift */; };
/* End PBXBuildFile section */

/* Begin PBXFileReference section */
		8BC93012282C27E700D66A1D /* ShopAppProject.app */ = {isa = PBXFileReference; explicitFileType = wrapper.application; includeInIndex = 0; path = ShopAppProject.app; sourceTree = BUILT_PRODUCTS_DIR; };
		8BC93015282C27E700D66A1D /* AppDelegate.swift */ = {isa = PBXFileReference; lastKnownFileType = sourcecode.swift; path = AppDelegate.swift; sourceTree = "<group>"; };
		8BC93017282C27E700D66A1D /* SceneDelegate.swift */ = {isa = PBXFileReference; lastKnownFileType = sourcecode.swift; path = SceneDelegate.swift; sourceTree = "<group>"; };
		8BC93019282C27E700D66A1D /* ViewController.swift */ = {isa = PBXFileReference; lastKnownFileType = sourcecode.swift; path = ViewController.swift; sourceTree = "<group>"; };
		8BC9301C282C27E700D66A1D /* Base */ = {isa = PBXFileReference; lastKnownFileType = file.storyboard; name = Base; path = Base.lproj/Main.storyboard; sourceTree = "<group>"; };
		8BC9301E282C27E800D66A1D /* Assets.xcassets */ = {isa = PBXFileReference; lastKnownFileType = folder.assetcatalog; path = Assets.xcassets; sourceTree = "<group>"; };
		8BC93021282C27E800D66A1D /* Base */ = {isa = PBXFileReference; lastKnownFileType = file.storyboard; name = Base; path = Base.lproj/LaunchScreen.storyboard; sourceTree = "<group>"; };
		8BC93023282C27E800D66A1D /* Info.plist */ = {isa = PBXFileReference; lastKnownFileType = text.plist.xml; path = Info.plist; sourceTree = "<group>"; };
		8BC93030282C294400D66A1D /* NetworkService.swift */ = {isa = PBXFileReference; lastKnownFileType = sourcecode.swift; path = NetworkService.swift; sourceTree = "<group>"; };
		8BC93032282C2DC500D66A1D /* ProductModel.swift */ = {isa = PBXFileReference; lastKnownFileType = sourcecode.swift; path = ProductModel.swift; sourceTree = "<group>"; };
		8BC93038282C3F0500D66A1D /* ProductTableViewCell.swift */ = {isa = PBXFileReference; lastKnownFileType = sourcecode.swift; path = ProductTableViewCell.swift; sourceTree = "<group>"; };
		8BC93039282C3F0500D66A1D /* ProductTableViewCell.xib */ = {isa = PBXFileReference; lastKnownFileType = file.xib; path = ProductTableViewCell.xib; sourceTree = "<group>"; };
		8BC9303C282C435500D66A1D /* ProductCellViewModel.swift */ = {isa = PBXFileReference; lastKnownFileType = sourcecode.swift; path = ProductCellViewModel.swift; sourceTree = "<group>"; };
		8BC9303E282C47CF00D66A1D /* ProductViewModel.swift */ = {isa = PBXFileReference; lastKnownFileType = sourcecode.swift; path = ProductViewModel.swift; sourceTree = "<group>"; };
/* End PBXFileReference section */

/* Begin PBXFrameworksBuildPhase section */
		8BC9300F282C27E700D66A1D /* Frameworks */ = {
			isa = PBXFrameworksBuildPhase;
			buildActionMask = 2147483647;
			files = (
			);
			runOnlyForDeploymentPostprocessing = 0;
		};
/* End PBXFrameworksBuildPhase section */

/* Begin PBXGroup section */
		8BC93009282C27E700D66A1D = {
			isa = PBXGroup;
			children = (
				8BC93014282C27E700D66A1D /* ShopAppProject */,
				8BC93013282C27E700D66A1D /* Products */,
			);
			sourceTree = "<group>";
		};
		8BC93013282C27E700D66A1D /* Products */ = {
			isa = PBXGroup;
			children = (
				8BC93012282C27E700D66A1D /* ShopAppProject.app */,
			);
			name = Products;
			sourceTree = "<group>";
		};
		8BC93014282C27E700D66A1D /* ShopAppProject */ = {
			isa = PBXGroup;
			children = (
				8BC93029282C27ED00D66A1D /* Supporting */,
				8BC9302E282C285200D66A1D /* Model */,
				8BC9302F282C291F00D66A1D /* NetworkService */,
				8BC9302D282C283200D66A1D /* ViewModel */,
				8BC9302C282C282300D66A1D /* Cell */,
				8BC9302B282C281700D66A1D /* Controller */,
				8BC9302A282C280F00D66A1D /* View */,
				8BC93023282C27E800D66A1D /* Info.plist */,
			);
			path = ShopAppProject;
			sourceTree = "<group>";
		};
		8BC93029282C27ED00D66A1D /* Supporting */ = {
			isa = PBXGroup;
			children = (
				8BC93015282C27E700D66A1D /* AppDelegate.swift */,
				8BC93017282C27E700D66A1D /* SceneDelegate.swift */,
				8BC9301E282C27E800D66A1D /* Assets.xcassets */,
				8BC93020282C27E800D66A1D /* LaunchScreen.storyboard */,
			);
			path = Supporting;
			sourceTree = "<group>";
		};
		8BC9302A282C280F00D66A1D /* View */ = {
			isa = PBXGroup;
			children = (
				8BC9301B282C27E700D66A1D /* Main.storyboard */,
			);
			path = View;
			sourceTree = "<group>";
		};
		8BC9302B282C281700D66A1D /* Controller */ = {
			isa = PBXGroup;
			children = (
				8BC93019282C27E700D66A1D /* ViewController.swift */,
			);
			path = Controller;
			sourceTree = "<group>";
		};
		8BC9302C282C282300D66A1D /* Cell */ = {
			isa = PBXGroup;
			children = (
				8BC93038282C3F0500D66A1D /* ProductTableViewCell.swift */,
				8BC93039282C3F0500D66A1D /* ProductTableViewCell.xib */,
			);
			path = Cell;
			sourceTree = "<group>";
		};
		8BC9302D282C283200D66A1D /* ViewModel */ = {
			isa = PBXGroup;
			children = (
				8BC9303C282C435500D66A1D /* ProductCellViewModel.swift */,
				8BC9303E282C47CF00D66A1D /* ProductViewModel.swift */,
			);
			path = ViewModel;
			sourceTree = "<group>";
		};
		8BC9302E282C285200D66A1D /* Model */ = {
			isa = PBXGroup;
			children = (
				8BC93032282C2DC500D66A1D /* ProductModel.swift */,
			);
			path = Model;
			sourceTree = "<group>";
		};
		8BC9302F282C291F00D66A1D /* NetworkService */ = {
			isa = PBXGroup;
			children = (
				8BC93030282C294400D66A1D /* NetworkService.swift */,
			);
			path = NetworkService;
			sourceTree = "<group>";
		};
/* End PBXGroup section */

/* Begin PBXNativeTarget section */
		8BC93011282C27E700D66A1D /* ShopAppProject */ = {
			isa = PBXNativeTarget;
			buildConfigurationList = 8BC93026282C27E800D66A1D /* Build configuration list for PBXNativeTarget "ShopAppProject" */;
			buildPhases = (
				8BC9300E282C27E700D66A1D /* Sources */,
				8BC9300F282C27E700D66A1D /* Frameworks */,
				8BC93010282C27E700D66A1D /* Resources */,
			);
			buildRules = (
			);
			dependencies = (
			);
			name = ShopAppProject;
			productName = ShopAppProject;
			productReference = 8BC93012282C27E700D66A1D /* ShopAppProject.app */;
			productType = "com.apple.product-type.application";
		};
/* End PBXNativeTarget section */

/* Begin PBXProject section */
		8BC9300A282C27E700D66A1D /* Project object */ = {
			isa = PBXProject;
			attributes = {
				BuildIndependentTargetsInParallel = 1;
				LastSwiftUpdateCheck = 1330;
				LastUpgradeCheck = 1330;
				TargetAttributes = {
					8BC93011282C27E700D66A1D = {
						CreatedOnToolsVersion = 13.3.1;
					};
				};
			};
			buildConfigurationList = 8BC9300D282C27E700D66A1D /* Build configuration list for PBXProject "ShopAppProject" */;
			compatibilityVersion = "Xcode 13.0";
			developmentRegion = en;
			hasScannedForEncodings = 0;
			knownRegions = (
				en,
				Base,
			);
			mainGroup = 8BC93009282C27E700D66A1D;
			productRefGroup = 8BC93013282C27E700D66A1D /* Products */;
			projectDirPath = "";
			projectRoot = "";
			targets = (
				8BC93011282C27E700D66A1D /* ShopAppProject */,
			);
		};
/* End PBXProject section */

/* Begin PBXResourcesBuildPhase section */
		8BC93010282C27E700D66A1D /* Resources */ = {
			isa = PBXResourcesBuildPhase;
			buildActionMask = 2147483647;
			files = (
				8BC93022282C27E800D66A1D /* LaunchScreen.storyboard in Resources */,
				8BC9303B282C3F0500D66A1D /* ProductTableViewCell.xib in Resources */,
				8BC9301F282C27E800D66A1D /* Assets.xcassets in Resources */,
				8BC9301D282C27E700D66A1D /* Main.storyboard in Resources */,
			);
			runOnlyForDeploymentPostprocessing = 0;
		};
/* End PBXResourcesBuildPhase section */

/* Begin PBXSourcesBuildPhase section */
		8BC9300E282C27E700D66A1D /* Sources */ = {
			isa = PBXSourcesBuildPhase;
			buildActionMask = 2147483647;
			files = (
				8BC9301A282C27E700D66A1D /* ViewController.swift in Sources */,
				8BC93016282C27E700D66A1D /* AppDelegate.swift in Sources */,
				8BC9303D282C435600D66A1D /* ProductCellViewModel.swift in Sources */,
				8BC93031282C294400D66A1D /* NetworkService.swift in Sources */,
				8BC93033282C2DC500D66A1D /* ProductModel.swift in Sources */,
				8BC93018282C27E700D66A1D /* SceneDelegate.swift in Sources */,
				8BC9303F282C47CF00D66A1D /* ProductViewModel.swift in Sources */,
				8BC9303A282C3F0500D66A1D /* ProductTableViewCell.swift in Sources */,
			);
			runOnlyForDeploymentPostprocessing = 0;
		};
/* End PBXSourcesBuildPhase section */

/* Begin PBXVariantGroup section */
		8BC9301B282C27E700D66A1D /* Main.storyboard */ = {
			isa = PBXVariantGroup;
			children = (
				8BC9301C282C27E700D66A1D /* Base */,
			);
			name = Main.storyboard;
			sourceTree = "<group>";
		};
		8BC93020282C27E800D66A1D /* LaunchScreen.storyboard */ = {
			isa = PBXVariantGroup;
			children = (
				8BC93021282C27E800D66A1D /* Base */,
			);
			name = LaunchScreen.storyboard;
			sourceTree = "<group>";
		};
/* End PBXVariantGroup section */

/* Begin XCBuildConfiguration section */
		8BC93024282C27E800D66A1D /* Debug */ = {
			isa = XCBuildConfiguration;
			buildSettings = {
				ALWAYS_SEARCH_USER_PATHS = NO;
				CLANG_ANALYZER_NONNULL = YES;
				CLANG_ANALYZER_NUMBER_OBJECT_CONVERSION = YES_AGGRESSIVE;
				CLANG_CXX_LANGUAGE_STANDARD = "gnu++17";
				CLANG_ENABLE_MODULES = YES;
				CLANG_ENABLE_OBJC_ARC = YES;
				CLANG_ENABLE_OBJC_WEAK = YES;
				CLANG_WARN_BLOCK_CAPTURE_AUTORELEASING = YES;
				CLANG_WARN_BOOL_CONVERSION = YES;
				CLANG_WARN_COMMA = YES;
				CLANG_WARN_CONSTANT_CONVERSION = YES;
				CLANG_WARN_DEPRECATED_OBJC_IMPLEMENTATIONS = YES;
				CLANG_WARN_DIRECT_OBJC_ISA_USAGE = YES_ERROR;
				CLANG_WARN_DOCUMENTATION_COMMENTS = YES;
				CLANG_WARN_EMPTY_BODY = YES;
				CLANG_WARN_ENUM_CONVERSION = YES;
				CLANG_WARN_INFINITE_RECURSION = YES;
				CLANG_WARN_INT_CONVERSION = YES;
				CLANG_WARN_NON_LITERAL_NULL_CONVERSION = YES;
				CLANG_WARN_OBJC_IMPLICIT_RETAIN_SELF = YES;
				CLANG_WARN_OBJC_LITERAL_CONVERSION = YES;
				CLANG_WARN_OBJC_ROOT_CLASS = YES_ERROR;
				CLANG_WARN_QUOTED_INCLUDE_IN_FRAMEWORK_HEADER = YES;
				CLANG_WARN_RANGE_LOOP_ANALYSIS = YES;
				CLANG_WARN_STRICT_PROTOTYPES = YES;
				CLANG_WARN_SUSPICIOUS_MOVE = YES;
				CLANG_WARN_UNGUARDED_AVAILABILITY = YES_AGGRESSIVE;
				CLANG_WARN_UNREACHABLE_CODE = YES;
				CLANG_WARN__DUPLICATE_METHOD_MATCH = YES;
				COPY_PHASE_STRIP = NO;
				DEBUG_INFORMATION_FORMAT = dwarf;
				ENABLE_STRICT_OBJC_MSGSEND = YES;
				ENABLE_TESTABILITY = YES;
				GCC_C_LANGUAGE_STANDARD = gnu11;
				GCC_DYNAMIC_NO_PIC = NO;
				GCC_NO_COMMON_BLOCKS = YES;
				GCC_OPTIMIZATION_LEVEL = 0;
				GCC_PREPROCESSOR_DEFINITIONS = (
					"DEBUG=1",
					"$(inherited)",
				);
				GCC_WARN_64_TO_32_BIT_CONVERSION = YES;
				GCC_WARN_ABOUT_RETURN_TYPE = YES_ERROR;
				GCC_WARN_UNDECLARED_SELECTOR = YES;
				GCC_WARN_UNINITIALIZED_AUTOS = YES_AGGRESSIVE;
				GCC_WARN_UNUSED_FUNCTION = YES;
				GCC_WARN_UNUSED_VARIABLE = YES;
				IPHONEOS_DEPLOYMENT_TARGET = 15.4;
				MTL_ENABLE_DEBUG_INFO = INCLUDE_SOURCE;
				MTL_FAST_MATH = YES;
				ONLY_ACTIVE_ARCH = YES;
				SDKROOT = iphoneos;
				SWIFT_ACTIVE_COMPILATION_CONDITIONS = DEBUG;
				SWIFT_OPTIMIZATION_LEVEL = "-Onone";
			};
			name = Debug;
		};
		8BC93025282C27E800D66A1D /* Release */ = {
			isa = XCBuildConfiguration;
			buildSettings = {
				ALWAYS_SEARCH_USER_PATHS = NO;
				CLANG_ANALYZER_NONNULL = YES;
				CLANG_ANALYZER_NUMBER_OBJECT_CONVERSION = YES_AGGRESSIVE;
				CLANG_CXX_LANGUAGE_STANDARD = "gnu++17";
				CLANG_ENABLE_MODULES = YES;
				CLANG_ENABLE_OBJC_ARC = YES;
				CLANG_ENABLE_OBJC_WEAK = YES;
				CLANG_WARN_BLOCK_CAPTURE_AUTORELEASING = YES;
				CLANG_WARN_BOOL_CONVERSION = YES;
				CLANG_WARN_COMMA = YES;
				CLANG_WARN_CONSTANT_CONVERSION = YES;
				CLANG_WARN_DEPRECATED_OBJC_IMPLEMENTATIONS = YES;
				CLANG_WARN_DIRECT_OBJC_ISA_USAGE = YES_ERROR;
				CLANG_WARN_DOCUMENTATION_COMMENTS = YES;
				CLANG_WARN_EMPTY_BODY = YES;
				CLANG_WARN_ENUM_CONVERSION = YES;
				CLANG_WARN_INFINITE_RECURSION = YES;
				CLANG_WARN_INT_CONVERSION = YES;
				CLANG_WARN_NON_LITERAL_NULL_CONVERSION = YES;
				CLANG_WARN_OBJC_IMPLICIT_RETAIN_SELF = YES;
				CLANG_WARN_OBJC_LITERAL_CONVERSION = YES;
				CLANG_WARN_OBJC_ROOT_CLASS = YES_ERROR;
				CLANG_WARN_QUOTED_INCLUDE_IN_FRAMEWORK_HEADER = YES;
				CLANG_WARN_RANGE_LOOP_ANALYSIS = YES;
				CLANG_WARN_STRICT_PROTOTYPES = YES;
				CLANG_WARN_SUSPICIOUS_MOVE = YES;
				CLANG_WARN_UNGUARDED_AVAILABILITY = YES_AGGRESSIVE;
				CLANG_WARN_UNREACHABLE_CODE = YES;
				CLANG_WARN__DUPLICATE_METHOD_MATCH = YES;
				COPY_PHASE_STRIP = NO;
				DEBUG_INFORMATION_FORMAT = "dwarf-with-dsym";
				ENABLE_NS_ASSERTIONS = NO;
				ENABLE_STRICT_OBJC_MSGSEND = YES;
				GCC_C_LANGUAGE_STANDARD = gnu11;
				GCC_NO_COMMON_BLOCKS = YES;
				GCC_WARN_64_TO_32_BIT_CONVERSION = YES;
				GCC_WARN_ABOUT_RETURN_TYPE = YES_ERROR;
				GCC_WARN_UNDECLARED_SELECTOR = YES;
				GCC_WARN_UNINITIALIZED_AUTOS = YES_AGGRESSIVE;
				GCC_WARN_UNUSED_FUNCTION = YES;
				GCC_WARN_UNUSED_VARIABLE = YES;
				IPHONEOS_DEPLOYMENT_TARGET = 15.4;
				MTL_ENABLE_DEBUG_INFO = NO;
				MTL_FAST_MATH = YES;
				SDKROOT = iphoneos;
				SWIFT_COMPILATION_MODE = wholemodule;
				SWIFT_OPTIMIZATION_LEVEL = "-O";
				VALIDATE_PRODUCT = YES;
			};
			name = Release;
		};
		8BC93027282C27E800D66A1D /* Debug */ = {
			isa = XCBuildConfiguration;
			buildSettings = {
				ASSETCATALOG_COMPILER_APPICON_NAME = AppIcon;
				ASSETCATALOG_COMPILER_GLOBAL_ACCENT_COLOR_NAME = AccentColor;
				CODE_SIGN_STYLE = Automatic;
				CURRENT_PROJECT_VERSION = 1;
				GENERATE_INFOPLIST_FILE = YES;
				INFOPLIST_FILE = ShopAppProject/Info.plist;
				INFOPLIST_KEY_UIApplicationSupportsIndirectInputEvents = YES;
				INFOPLIST_KEY_UILaunchStoryboardName = LaunchScreen;
				INFOPLIST_KEY_UIMainStoryboardFile = Main;
				INFOPLIST_KEY_UISupportedInterfaceOrientations_iPad = "UIInterfaceOrientationPortrait UIInterfaceOrientationPortraitUpsideDown UIInterfaceOrientationLandscapeLeft UIInterfaceOrientationLandscapeRight";
				INFOPLIST_KEY_UISupportedInterfaceOrientations_iPhone = "UIInterfaceOrientationPortrait UIInterfaceOrientationLandscapeLeft UIInterfaceOrientationLandscapeRight";
				LD_RUNPATH_SEARCH_PATHS = (
					"$(inherited)",
					"@executable_path/Frameworks",
				);
				MARKETING_VERSION = 1.0;
				PRODUCT_BUNDLE_IDENTIFIER = com.Rave.ShopAppProject;
				PRODUCT_NAME = "$(TARGET_NAME)";
				SWIFT_EMIT_LOC_STRINGS = YES;
				SWIFT_VERSION = 5.0;
				TARGETED_DEVICE_FAMILY = "1,2";
			};
			name = Debug;
		};
		8BC93028282C27E800D66A1D /* Release */ = {
			isa = XCBuildConfiguration;
			buildSettings = {
				ASSETCATALOG_COMPILER_APPICON_NAME = AppIcon;
				ASSETCATALOG_COMPILER_GLOBAL_ACCENT_COLOR_NAME = AccentColor;
				CODE_SIGN_STYLE = Automatic;
				CURRENT_PROJECT_VERSION = 1;
				GENERATE_INFOPLIST_FILE = YES;
				INFOPLIST_FILE = ShopAppProject/Info.plist;
				INFOPLIST_KEY_UIApplicationSupportsIndirectInputEvents = YES;
				INFOPLIST_KEY_UILaunchStoryboardName = LaunchScreen;
				INFOPLIST_KEY_UIMainStoryboardFile = Main;
				INFOPLIST_KEY_UISupportedInterfaceOrientations_iPad = "UIInterfaceOrientationPortrait UIInterfaceOrientationPortraitUpsideDown UIInterfaceOrientationLandscapeLeft UIInterfaceOrientationLandscapeRight";
				INFOPLIST_KEY_UISupportedInterfaceOrientations_iPhone = "UIInterfaceOrientationPortrait UIInterfaceOrientationLandscapeLeft UIInterfaceOrientationLandscapeRight";
				LD_RUNPATH_SEARCH_PATHS = (
					"$(inherited)",
					"@executable_path/Frameworks",
				);
				MARKETING_VERSION = 1.0;
				PRODUCT_BUNDLE_IDENTIFIER = com.Rave.ShopAppProject;
				PRODUCT_NAME = "$(TARGET_NAME)";
				SWIFT_EMIT_LOC_STRINGS = YES;
				SWIFT_VERSION = 5.0;
				TARGETED_DEVICE_FAMILY = "1,2";
			};
			name = Release;
		};
/* End XCBuildConfiguration section */

/* Begin XCConfigurationList section */
		8BC9300D282C27E700D66A1D /* Build configuration list for PBXProject "ShopAppProject" */ = {
			isa = XCConfigurationList;
			buildConfigurations = (
				8BC93024282C27E800D66A1D /* Debug */,
				8BC93025282C27E800D66A1D /* Release */,
			);
			defaultConfigurationIsVisible = 0;
			defaultConfigurationName = Release;
		};
		8BC93026282C27E800D66A1D /* Build configuration list for PBXNativeTarget "ShopAppProject" */ = {
			isa = XCConfigurationList;
			buildConfigurations = (
				8BC93027282C27E800D66A1D /* Debug */,
				8BC93028282C27E800D66A1D /* Release */,
			);
			defaultConfigurationIsVisible = 0;
			defaultConfigurationName = Release;
		};
/* End XCConfigurationList section */
	};
	rootObject = 8BC9300A282C27E700D66A1D /* Project object */;
}
